// !$*UTF8*$!
{
	archiveVersion = 1;
	classes = {
	};
	objectVersion = 46;
	objects = {

/* Begin PBXBuildFile section */
		5E58B42015D55DAB00C8DC84 /* PXRequest.m in Sources */ = {isa = PBXBuildFile; fileRef = 5E58B41F15D55DAB00C8DC84 /* PXRequest.m */; };
		5E58B42115D55DAB00C8DC84 /* PXRequest.m in Sources */ = {isa = PBXBuildFile; fileRef = 5E58B41F15D55DAB00C8DC84 /* PXRequest.m */; };
		5E58B50815D5794800C8DC84 /* PXAPIHelper+Auth.h in Headers */ = {isa = PBXBuildFile; fileRef = 5EA2500B15CEC1B7000592BB /* PXAPIHelper+Auth.h */; settings = {ATTRIBUTES = (Public, ); }; };
		5E58B50915D5794B00C8DC84 /* PXRequest.h in Headers */ = {isa = PBXBuildFile; fileRef = 5E58B41E15D55DAB00C8DC84 /* PXRequest.h */; settings = {ATTRIBUTES = (Public, ); }; };
		5E58B50A15D5794D00C8DC84 /* PXAPI.h in Headers */ = {isa = PBXBuildFile; fileRef = 5E58B43215D567C400C8DC84 /* PXAPI.h */; settings = {ATTRIBUTES = (Public, ); }; };
		5E5E4EE215CF03FA003F053A /* PXAuthTests.m in Sources */ = {isa = PBXBuildFile; fileRef = 5E5E4EE115CF03FA003F053A /* PXAuthTests.m */; };
		5E5E4EE415CF05C3003F053A /* PXAPIHelper+Auth.m in Sources */ = {isa = PBXBuildFile; fileRef = 5EA2500C15CEC1B7000592BB /* PXAPIHelper+Auth.m */; };
		5E5E4EE715CF07FE003F053A /* PXAuthenticatedTests.m in Sources */ = {isa = PBXBuildFile; fileRef = 5E5E4EE615CF07FE003F053A /* PXAuthenticatedTests.m */; };
		5E5E4EEA15CF083C003F053A /* PXNonAuthenticatedTests.m in Sources */ = {isa = PBXBuildFile; fileRef = 5E5E4EE915CF083C003F053A /* PXNonAuthenticatedTests.m */; };
		5E5E4F0815CF6074003F053A /* PXSearchTests.m in Sources */ = {isa = PBXBuildFile; fileRef = 5E5E4F0715CF6074003F053A /* PXSearchTests.m */; };
		5E5E4F1515D01AD5003F053A /* PXUserTests.m in Sources */ = {isa = PBXBuildFile; fileRef = 5E5E4F1415D01AD5003F053A /* PXUserTests.m */; };
		5E827AA515D5D702000403A2 /* PXRequest+Creation.h in Headers */ = {isa = PBXBuildFile; fileRef = 5E827AA315D5D702000403A2 /* PXRequest+Creation.h */; };
		5E827AA615D5D702000403A2 /* PXRequest+Creation.m in Sources */ = {isa = PBXBuildFile; fileRef = 5E827AA415D5D702000403A2 /* PXRequest+Creation.m */; };
		5EA2500D15CEC1B7000592BB /* PXAPIHelper+Auth.m in Sources */ = {isa = PBXBuildFile; fileRef = 5EA2500C15CEC1B7000592BB /* PXAPIHelper+Auth.m */; };
		5EA2501A15CEC7C7000592BB /* NSData+Base64.m in Sources */ = {isa = PBXBuildFile; fileRef = 5EA2501515CEC7C7000592BB /* NSData+Base64.m */; settings = {COMPILER_FLAGS = "-fno-objc-arc"; }; };
		5EA2501B15CEC7C7000592BB /* OAuth+Additions.m in Sources */ = {isa = PBXBuildFile; fileRef = 5EA2501715CEC7C7000592BB /* OAuth+Additions.m */; settings = {COMPILER_FLAGS = "-fno-objc-arc"; }; };
		5EA2501C15CEC7C7000592BB /* OAuthCore.m in Sources */ = {isa = PBXBuildFile; fileRef = 5EA2501915CEC7C7000592BB /* OAuthCore.m */; settings = {COMPILER_FLAGS = "-fno-objc-arc"; }; };
		5EA2502115CECB79000592BB /* NSData+Base64.m in Sources */ = {isa = PBXBuildFile; fileRef = 5EA2501515CEC7C7000592BB /* NSData+Base64.m */; settings = {COMPILER_FLAGS = "-fno-objc-arc"; }; };
		5EA2502215CECB79000592BB /* OAuth+Additions.m in Sources */ = {isa = PBXBuildFile; fileRef = 5EA2501715CEC7C7000592BB /* OAuth+Additions.m */; settings = {COMPILER_FLAGS = "-fno-objc-arc"; }; };
		5EA2502315CECB79000592BB /* OAuthCore.m in Sources */ = {isa = PBXBuildFile; fileRef = 5EA2501915CEC7C7000592BB /* OAuthCore.m */; settings = {COMPILER_FLAGS = "-fno-objc-arc"; }; };
		5EB9AFC815C34F3F002E7F6D /* Foundation.framework in Frameworks */ = {isa = PBXBuildFile; fileRef = 5EB9AFC715C34F3F002E7F6D /* Foundation.framework */; };
		5EB9AFCD15C34F3F002E7F6D /* PXAPIHelper.h in Headers */ = {isa = PBXBuildFile; fileRef = 5EB9AFCC15C34F3F002E7F6D /* PXAPIHelper.h */; settings = {ATTRIBUTES = (Public, ); }; };
		5EB9AFCF15C34F3F002E7F6D /* PXAPIHelper.m in Sources */ = {isa = PBXBuildFile; fileRef = 5EB9AFCE15C34F3F002E7F6D /* PXAPIHelper.m */; };
		5EB9AFD715C34F3F002E7F6D /* SenTestingKit.framework in Frameworks */ = {isa = PBXBuildFile; fileRef = 5EB9AFD615C34F3F002E7F6D /* SenTestingKit.framework */; };
		5EB9AFDA15C34F3F002E7F6D /* Foundation.framework in Frameworks */ = {isa = PBXBuildFile; fileRef = 5EB9AFC715C34F3F002E7F6D /* Foundation.framework */; };
		5EB9AFDD15C34F3F002E7F6D /* libPXAPI.a in Frameworks */ = {isa = PBXBuildFile; fileRef = 5EB9AFC415C34F3F002E7F6D /* libPXAPI.a */; };
		5EB9AFE315C34F3F002E7F6D /* InfoPlist.strings in Resources */ = {isa = PBXBuildFile; fileRef = 5EB9AFE115C34F3F002E7F6D /* InfoPlist.strings */; };
		5EB9AFE615C34F3F002E7F6D /* PXTests.m in Sources */ = {isa = PBXBuildFile; fileRef = 5EB9AFE515C34F3F002E7F6D /* PXTests.m */; };
		5ECEF38115C4C39A00732145 /* PXAPIHelper.m in Sources */ = {isa = PBXBuildFile; fileRef = 5EB9AFCE15C34F3F002E7F6D /* PXAPIHelper.m */; };
/* End PBXBuildFile section */

/* Begin PBXContainerItemProxy section */
		5EB9AFDB15C34F3F002E7F6D /* PBXContainerItemProxy */ = {
			isa = PBXContainerItemProxy;
			containerPortal = 5EB9AFBB15C34F3F002E7F6D /* Project object */;
			proxyType = 1;
			remoteGlobalIDString = 5EB9AFC315C34F3F002E7F6D;
			remoteInfo = "500px-iOS-api";
		};
/* End PBXContainerItemProxy section */

/* Begin PBXCopyFilesBuildPhase section */
		5EB9AFC215C34F3F002E7F6D /* CopyFiles */ = {
			isa = PBXCopyFilesBuildPhase;
			buildActionMask = 2147483647;
			dstPath = "include/${PRODUCT_NAME}";
			dstSubfolderSpec = 16;
			files = (
			);
			runOnlyForDeploymentPostprocessing = 0;
		};
/* End PBXCopyFilesBuildPhase section */

/* Begin PBXFileReference section */
		5E58B41E15D55DAB00C8DC84 /* PXRequest.h */ = {isa = PBXFileReference; fileEncoding = 4; lastKnownFileType = sourcecode.c.h; path = PXRequest.h; sourceTree = "<group>"; };
		5E58B41F15D55DAB00C8DC84 /* PXRequest.m */ = {isa = PBXFileReference; fileEncoding = 4; lastKnownFileType = sourcecode.c.objc; path = PXRequest.m; sourceTree = "<group>"; };
		5E58B43215D567C400C8DC84 /* PXAPI.h */ = {isa = PBXFileReference; fileEncoding = 4; lastKnownFileType = sourcecode.c.h; path = PXAPI.h; sourceTree = "<group>"; };
		5E5E4EE015CF03FA003F053A /* PXAuthTests.h */ = {isa = PBXFileReference; fileEncoding = 4; lastKnownFileType = sourcecode.c.h; path = PXAuthTests.h; sourceTree = "<group>"; };
		5E5E4EE115CF03FA003F053A /* PXAuthTests.m */ = {isa = PBXFileReference; fileEncoding = 4; lastKnownFileType = sourcecode.c.objc; path = PXAuthTests.m; sourceTree = "<group>"; };
		5E5E4EE515CF07FE003F053A /* PXAuthenticatedTests.h */ = {isa = PBXFileReference; fileEncoding = 4; lastKnownFileType = sourcecode.c.h; path = PXAuthenticatedTests.h; sourceTree = "<group>"; };
		5E5E4EE615CF07FE003F053A /* PXAuthenticatedTests.m */ = {isa = PBXFileReference; fileEncoding = 4; lastKnownFileType = sourcecode.c.objc; path = PXAuthenticatedTests.m; sourceTree = "<group>"; };
		5E5E4EE815CF083C003F053A /* PXNonAuthenticatedTests.h */ = {isa = PBXFileReference; fileEncoding = 4; lastKnownFileType = sourcecode.c.h; path = PXNonAuthenticatedTests.h; sourceTree = "<group>"; };
		5E5E4EE915CF083C003F053A /* PXNonAuthenticatedTests.m */ = {isa = PBXFileReference; fileEncoding = 4; lastKnownFileType = sourcecode.c.objc; path = PXNonAuthenticatedTests.m; sourceTree = "<group>"; };
		5E5E4F0615CF6074003F053A /* PXSearchTests.h */ = {isa = PBXFileReference; fileEncoding = 4; lastKnownFileType = sourcecode.c.h; path = PXSearchTests.h; sourceTree = "<group>"; };
		5E5E4F0715CF6074003F053A /* PXSearchTests.m */ = {isa = PBXFileReference; fileEncoding = 4; lastKnownFileType = sourcecode.c.objc; path = PXSearchTests.m; sourceTree = "<group>"; };
		5E5E4F1315D01AD5003F053A /* PXUserTests.h */ = {isa = PBXFileReference; fileEncoding = 4; lastKnownFileType = sourcecode.c.h; path = PXUserTests.h; sourceTree = "<group>"; };
		5E5E4F1415D01AD5003F053A /* PXUserTests.m */ = {isa = PBXFileReference; fileEncoding = 4; lastKnownFileType = sourcecode.c.objc; path = PXUserTests.m; sourceTree = "<group>"; };
		5E827AA315D5D702000403A2 /* PXRequest+Creation.h */ = {isa = PBXFileReference; fileEncoding = 4; lastKnownFileType = sourcecode.c.h; path = "PXRequest+Creation.h"; sourceTree = "<group>"; };
		5E827AA415D5D702000403A2 /* PXRequest+Creation.m */ = {isa = PBXFileReference; fileEncoding = 4; lastKnownFileType = sourcecode.c.objc; path = "PXRequest+Creation.m"; sourceTree = "<group>"; };
		5EA2500B15CEC1B7000592BB /* PXAPIHelper+Auth.h */ = {isa = PBXFileReference; fileEncoding = 4; lastKnownFileType = sourcecode.c.h; path = "PXAPIHelper+Auth.h"; sourceTree = "<group>"; };
		5EA2500C15CEC1B7000592BB /* PXAPIHelper+Auth.m */ = {isa = PBXFileReference; fileEncoding = 4; lastKnownFileType = sourcecode.c.objc; path = "PXAPIHelper+Auth.m"; sourceTree = "<group>"; };
		5EA2501415CEC7C7000592BB /* NSData+Base64.h */ = {isa = PBXFileReference; fileEncoding = 4; lastKnownFileType = sourcecode.c.h; path = "NSData+Base64.h"; sourceTree = "<group>"; };
		5EA2501515CEC7C7000592BB /* NSData+Base64.m */ = {isa = PBXFileReference; fileEncoding = 4; lastKnownFileType = sourcecode.c.objc; path = "NSData+Base64.m"; sourceTree = "<group>"; };
		5EA2501615CEC7C7000592BB /* OAuth+Additions.h */ = {isa = PBXFileReference; fileEncoding = 4; lastKnownFileType = sourcecode.c.h; path = "OAuth+Additions.h"; sourceTree = "<group>"; };
		5EA2501715CEC7C7000592BB /* OAuth+Additions.m */ = {isa = PBXFileReference; fileEncoding = 4; lastKnownFileType = sourcecode.c.objc; path = "OAuth+Additions.m"; sourceTree = "<group>"; };
		5EA2501815CEC7C7000592BB /* OAuthCore.h */ = {isa = PBXFileReference; fileEncoding = 4; lastKnownFileType = sourcecode.c.h; path = OAuthCore.h; sourceTree = "<group>"; };
		5EA2501915CEC7C7000592BB /* OAuthCore.m */ = {isa = PBXFileReference; fileEncoding = 4; lastKnownFileType = sourcecode.c.objc; path = OAuthCore.m; sourceTree = "<group>"; };
		5EB9AFC415C34F3F002E7F6D /* libPXAPI.a */ = {isa = PBXFileReference; explicitFileType = archive.ar; includeInIndex = 0; path = libPXAPI.a; sourceTree = BUILT_PRODUCTS_DIR; };
		5EB9AFC715C34F3F002E7F6D /* Foundation.framework */ = {isa = PBXFileReference; lastKnownFileType = wrapper.framework; name = Foundation.framework; path = System/Library/Frameworks/Foundation.framework; sourceTree = SDKROOT; };
		5EB9AFCB15C34F3F002E7F6D /* PXAPI-Prefix.pch */ = {isa = PBXFileReference; lastKnownFileType = sourcecode.c.h; path = "PXAPI-Prefix.pch"; sourceTree = "<group>"; };
		5EB9AFCC15C34F3F002E7F6D /* PXAPIHelper.h */ = {isa = PBXFileReference; lastKnownFileType = sourcecode.c.h; path = PXAPIHelper.h; sourceTree = "<group>"; };
		5EB9AFCE15C34F3F002E7F6D /* PXAPIHelper.m */ = {isa = PBXFileReference; lastKnownFileType = sourcecode.c.objc; path = PXAPIHelper.m; sourceTree = "<group>"; };
		5EB9AFD515C34F3F002E7F6D /* tests.octest */ = {isa = PBXFileReference; explicitFileType = wrapper.cfbundle; includeInIndex = 0; path = tests.octest; sourceTree = BUILT_PRODUCTS_DIR; };
		5EB9AFD615C34F3F002E7F6D /* SenTestingKit.framework */ = {isa = PBXFileReference; lastKnownFileType = wrapper.framework; name = SenTestingKit.framework; path = Library/Frameworks/SenTestingKit.framework; sourceTree = DEVELOPER_DIR; };
		5EB9AFE015C34F3F002E7F6D /* PXAPITests-Info.plist */ = {isa = PBXFileReference; lastKnownFileType = text.plist.xml; path = "PXAPITests-Info.plist"; sourceTree = "<group>"; };
		5EB9AFE215C34F3F002E7F6D /* en */ = {isa = PBXFileReference; lastKnownFileType = text.plist.strings; name = en; path = en.lproj/InfoPlist.strings; sourceTree = "<group>"; };
		5EB9AFE415C34F3F002E7F6D /* PXTests.h */ = {isa = PBXFileReference; lastKnownFileType = sourcecode.c.h; path = PXTests.h; sourceTree = "<group>"; };
		5EB9AFE515C34F3F002E7F6D /* PXTests.m */ = {isa = PBXFileReference; lastKnownFileType = sourcecode.c.objc; path = PXTests.m; sourceTree = "<group>"; };
/* End PBXFileReference section */

/* Begin PBXFrameworksBuildPhase section */
		5EB9AFC115C34F3F002E7F6D /* Frameworks */ = {
			isa = PBXFrameworksBuildPhase;
			buildActionMask = 2147483647;
			files = (
				5EB9AFC815C34F3F002E7F6D /* Foundation.framework in Frameworks */,
			);
			runOnlyForDeploymentPostprocessing = 0;
		};
		5EB9AFD115C34F3F002E7F6D /* Frameworks */ = {
			isa = PBXFrameworksBuildPhase;
			buildActionMask = 2147483647;
			files = (
				5EB9AFD715C34F3F002E7F6D /* SenTestingKit.framework in Frameworks */,
				5EB9AFDA15C34F3F002E7F6D /* Foundation.framework in Frameworks */,
				5EB9AFDD15C34F3F002E7F6D /* libPXAPI.a in Frameworks */,
			);
			runOnlyForDeploymentPostprocessing = 0;
		};
/* End PBXFrameworksBuildPhase section */

/* Begin PBXGroup section */
		5EA2501315CEC7C7000592BB /* ABOAuthCore */ = {
			isa = PBXGroup;
			children = (
				5EA2501415CEC7C7000592BB /* NSData+Base64.h */,
				5EA2501515CEC7C7000592BB /* NSData+Base64.m */,
				5EA2501615CEC7C7000592BB /* OAuth+Additions.h */,
				5EA2501715CEC7C7000592BB /* OAuth+Additions.m */,
				5EA2501815CEC7C7000592BB /* OAuthCore.h */,
				5EA2501915CEC7C7000592BB /* OAuthCore.m */,
			);
			path = ABOAuthCore;
			sourceTree = "<group>";
		};
		5EB9AFB915C34F3F002E7F6D = {
			isa = PBXGroup;
			children = (
				5EB9AFC915C34F3F002E7F6D /* PXAPI */,
				5EB9AFDE15C34F3F002E7F6D /* tests */,
				5EB9AFC615C34F3F002E7F6D /* Frameworks */,
				5EB9AFC515C34F3F002E7F6D /* Products */,
			);
			sourceTree = "<group>";
		};
		5EB9AFC515C34F3F002E7F6D /* Products */ = {
			isa = PBXGroup;
			children = (
				5EB9AFC415C34F3F002E7F6D /* libPXAPI.a */,
				5EB9AFD515C34F3F002E7F6D /* tests.octest */,
			);
			name = Products;
			sourceTree = "<group>";
		};
		5EB9AFC615C34F3F002E7F6D /* Frameworks */ = {
			isa = PBXGroup;
			children = (
				5EB9AFC715C34F3F002E7F6D /* Foundation.framework */,
				5EB9AFD615C34F3F002E7F6D /* SenTestingKit.framework */,
			);
			name = Frameworks;
			sourceTree = "<group>";
		};
		5EB9AFC915C34F3F002E7F6D /* PXAPI */ = {
			isa = PBXGroup;
			children = (
				5EA2501315CEC7C7000592BB /* ABOAuthCore */,
				5E58B43215D567C400C8DC84 /* PXAPI.h */,
				5EB9AFCC15C34F3F002E7F6D /* PXAPIHelper.h */,
				5EB9AFCE15C34F3F002E7F6D /* PXAPIHelper.m */,
				5EA2500B15CEC1B7000592BB /* PXAPIHelper+Auth.h */,
				5EA2500C15CEC1B7000592BB /* PXAPIHelper+Auth.m */,
				5E58B41E15D55DAB00C8DC84 /* PXRequest.h */,
				5E58B41F15D55DAB00C8DC84 /* PXRequest.m */,
				5E827AA315D5D702000403A2 /* PXRequest+Creation.h */,
				5E827AA415D5D702000403A2 /* PXRequest+Creation.m */,
				5EB9AFCA15C34F3F002E7F6D /* Supporting Files */,
			);
			path = PXAPI;
			sourceTree = "<group>";
		};
		5EB9AFCA15C34F3F002E7F6D /* Supporting Files */ = {
			isa = PBXGroup;
			children = (
				5EB9AFCB15C34F3F002E7F6D /* PXAPI-Prefix.pch */,
			);
			name = "Supporting Files";
			sourceTree = "<group>";
		};
		5EB9AFDE15C34F3F002E7F6D /* tests */ = {
			isa = PBXGroup;
			children = (
				5EB9AFE415C34F3F002E7F6D /* PXTests.h */,
				5EB9AFE515C34F3F002E7F6D /* PXTests.m */,
				5E5E4EE015CF03FA003F053A /* PXAuthTests.h */,
				5E5E4EE115CF03FA003F053A /* PXAuthTests.m */,
				5E5E4EE515CF07FE003F053A /* PXAuthenticatedTests.h */,
				5E5E4EE615CF07FE003F053A /* PXAuthenticatedTests.m */,
				5E5E4EE815CF083C003F053A /* PXNonAuthenticatedTests.h */,
				5E5E4EE915CF083C003F053A /* PXNonAuthenticatedTests.m */,
				5E5E4F0615CF6074003F053A /* PXSearchTests.h */,
				5E5E4F0715CF6074003F053A /* PXSearchTests.m */,
				5E5E4F1315D01AD5003F053A /* PXUserTests.h */,
				5E5E4F1415D01AD5003F053A /* PXUserTests.m */,
				5EB9AFDF15C34F3F002E7F6D /* Supporting Files */,
			);
			path = tests;
			sourceTree = "<group>";
		};
		5EB9AFDF15C34F3F002E7F6D /* Supporting Files */ = {
			isa = PBXGroup;
			children = (
				5EB9AFE015C34F3F002E7F6D /* PXAPITests-Info.plist */,
				5EB9AFE115C34F3F002E7F6D /* InfoPlist.strings */,
			);
			name = "Supporting Files";
			sourceTree = "<group>";
		};
/* End PBXGroup section */

/* Begin PBXHeadersBuildPhase section */
		5E58B50715D5791600C8DC84 /* Headers */ = {
			isa = PBXHeadersBuildPhase;
			buildActionMask = 2147483647;
			files = (
				5E58B50A15D5794D00C8DC84 /* PXAPI.h in Headers */,
				5EB9AFCD15C34F3F002E7F6D /* PXAPIHelper.h in Headers */,
				5E58B50815D5794800C8DC84 /* PXAPIHelper+Auth.h in Headers */,
				5E58B50915D5794B00C8DC84 /* PXRequest.h in Headers */,
				5E827AA515D5D702000403A2 /* PXRequest+Creation.h in Headers */,
			);
			runOnlyForDeploymentPostprocessing = 0;
		};
/* End PBXHeadersBuildPhase section */

/* Begin PBXNativeTarget section */
		5EB9AFC315C34F3F002E7F6D /* PXAPI */ = {
			isa = PBXNativeTarget;
			buildConfigurationList = 5EB9AFE915C34F3F002E7F6D /* Build configuration list for PBXNativeTarget "PXAPI" */;
			buildPhases = (
				5EB9AFC015C34F3F002E7F6D /* Sources */,
				5EB9AFC115C34F3F002E7F6D /* Frameworks */,
				5EB9AFC215C34F3F002E7F6D /* CopyFiles */,
				5E58B50715D5791600C8DC84 /* Headers */,
			);
			buildRules = (
			);
			dependencies = (
			);
			name = PXAPI;
			productName = "500px-iOS-api";
			productReference = 5EB9AFC415C34F3F002E7F6D /* libPXAPI.a */;
			productType = "com.apple.product-type.library.static";
		};
		5EB9AFD415C34F3F002E7F6D /* tests */ = {
			isa = PBXNativeTarget;
			buildConfigurationList = 5EB9AFEC15C34F3F002E7F6D /* Build configuration list for PBXNativeTarget "tests" */;
			buildPhases = (
				5EB9AFD015C34F3F002E7F6D /* Sources */,
				5EB9AFD115C34F3F002E7F6D /* Frameworks */,
				5EB9AFD215C34F3F002E7F6D /* Resources */,
				5EB9AFD315C34F3F002E7F6D /* ShellScript */,
			);
			buildRules = (
			);
			dependencies = (
				5EB9AFDC15C34F3F002E7F6D /* PBXTargetDependency */,
			);
			name = tests;
			productName = "500px-iOS-apiTests";
			productReference = 5EB9AFD515C34F3F002E7F6D /* tests.octest */;
			productType = "com.apple.product-type.bundle";
		};
/* End PBXNativeTarget section */

/* Begin PBXProject section */
		5EB9AFBB15C34F3F002E7F6D /* Project object */ = {
			isa = PBXProject;
			attributes = {
				CLASSPREFIX = PX;
				LastUpgradeCheck = 0440;
				ORGANIZATIONNAME = 500px;
			};
			buildConfigurationList = 5EB9AFBE15C34F3F002E7F6D /* Build configuration list for PBXProject "PXAPI" */;
			compatibilityVersion = "Xcode 3.2";
			developmentRegion = English;
			hasScannedForEncodings = 0;
			knownRegions = (
				en,
			);
			mainGroup = 5EB9AFB915C34F3F002E7F6D;
			productRefGroup = 5EB9AFC515C34F3F002E7F6D /* Products */;
			projectDirPath = "";
			projectRoot = "";
			targets = (
				5EB9AFC315C34F3F002E7F6D /* PXAPI */,
				5EB9AFD415C34F3F002E7F6D /* tests */,
			);
		};
/* End PBXProject section */

/* Begin PBXResourcesBuildPhase section */
		5EB9AFD215C34F3F002E7F6D /* Resources */ = {
			isa = PBXResourcesBuildPhase;
			buildActionMask = 2147483647;
			files = (
				5EB9AFE315C34F3F002E7F6D /* InfoPlist.strings in Resources */,
			);
			runOnlyForDeploymentPostprocessing = 0;
		};
/* End PBXResourcesBuildPhase section */

/* Begin PBXShellScriptBuildPhase section */
		5EB9AFD315C34F3F002E7F6D /* ShellScript */ = {
			isa = PBXShellScriptBuildPhase;
			buildActionMask = 2147483647;
			files = (
			);
			inputPaths = (
			);
			outputPaths = (
			);
			runOnlyForDeploymentPostprocessing = 0;
			shellPath = /bin/sh;
			shellScript = "# Run the unit tests in this test bundle.\n\"${SYSTEM_DEVELOPER_DIR}/Tools/RunUnitTests\"\n";
		};
/* End PBXShellScriptBuildPhase section */

/* Begin PBXSourcesBuildPhase section */
		5EB9AFC015C34F3F002E7F6D /* Sources */ = {
			isa = PBXSourcesBuildPhase;
			buildActionMask = 2147483647;
			files = (
				5EA2502115CECB79000592BB /* NSData+Base64.m in Sources */,
				5EA2502215CECB79000592BB /* OAuth+Additions.m in Sources */,
				5EA2502315CECB79000592BB /* OAuthCore.m in Sources */,
				5EB9AFCF15C34F3F002E7F6D /* PXAPIHelper.m in Sources */,
				5EA2500D15CEC1B7000592BB /* PXAPIHelper+Auth.m in Sources */,
				5E58B42015D55DAB00C8DC84 /* PXRequest.m in Sources */,
				5E827AA615D5D702000403A2 /* PXRequest+Creation.m in Sources */,
			);
			runOnlyForDeploymentPostprocessing = 0;
		};
		5EB9AFD015C34F3F002E7F6D /* Sources */ = {
			isa = PBXSourcesBuildPhase;
			buildActionMask = 2147483647;
			files = (
				5EB9AFE615C34F3F002E7F6D /* PXTests.m in Sources */,
				5ECEF38115C4C39A00732145 /* PXAPIHelper.m in Sources */,
				5EA2501A15CEC7C7000592BB /* NSData+Base64.m in Sources */,
				5EA2501B15CEC7C7000592BB /* OAuth+Additions.m in Sources */,
				5EA2501C15CEC7C7000592BB /* OAuthCore.m in Sources */,
				5E5E4EE215CF03FA003F053A /* PXAuthTests.m in Sources */,
				5E5E4EE415CF05C3003F053A /* PXAPIHelper+Auth.m in Sources */,
				5E5E4EE715CF07FE003F053A /* PXAuthenticatedTests.m in Sources */,
				5E5E4EEA15CF083C003F053A /* PXNonAuthenticatedTests.m in Sources */,
				5E5E4F0815CF6074003F053A /* PXSearchTests.m in Sources */,
				5E5E4F1515D01AD5003F053A /* PXUserTests.m in Sources */,
				5E58B42115D55DAB00C8DC84 /* PXRequest.m in Sources */,
			);
			runOnlyForDeploymentPostprocessing = 0;
		};
/* End PBXSourcesBuildPhase section */

/* Begin PBXTargetDependency section */
		5EB9AFDC15C34F3F002E7F6D /* PBXTargetDependency */ = {
			isa = PBXTargetDependency;
			target = 5EB9AFC315C34F3F002E7F6D /* PXAPI */;
			targetProxy = 5EB9AFDB15C34F3F002E7F6D /* PBXContainerItemProxy */;
		};
/* End PBXTargetDependency section */

/* Begin PBXVariantGroup section */
		5EB9AFE115C34F3F002E7F6D /* InfoPlist.strings */ = {
			isa = PBXVariantGroup;
			children = (
				5EB9AFE215C34F3F002E7F6D /* en */,
			);
			name = InfoPlist.strings;
			sourceTree = "<group>";
		};
/* End PBXVariantGroup section */

/* Begin XCBuildConfiguration section */
		5EB9AFE715C34F3F002E7F6D /* Debug */ = {
			isa = XCBuildConfiguration;
			buildSettings = {
				ALWAYS_SEARCH_USER_PATHS = NO;
				ARCHS = "$(ARCHS_STANDARD_32_BIT)";
				CLANG_CXX_LANGUAGE_STANDARD = "gnu++0x";
				CLANG_ENABLE_OBJC_ARC = YES;
				CLANG_WARN__DUPLICATE_METHOD_MATCH = YES;
				COPY_PHASE_STRIP = NO;
				GCC_C_LANGUAGE_STANDARD = gnu99;
				GCC_DYNAMIC_NO_PIC = NO;
				GCC_OPTIMIZATION_LEVEL = 0;
				GCC_PREPROCESSOR_DEFINITIONS = (
					"DEBUG=1",
					"$(inherited)",
				);
				GCC_SYMBOLS_PRIVATE_EXTERN = NO;
				GCC_VERSION = com.apple.compilers.llvm.clang.1_0;
				GCC_WARN_ABOUT_RETURN_TYPE = YES;
				GCC_WARN_UNINITIALIZED_AUTOS = YES;
				GCC_WARN_UNUSED_VARIABLE = YES;
				IPHONEOS_DEPLOYMENT_TARGET = 5.1;
				SDKROOT = iphoneos;
			};
			name = Debug;
		};
		5EB9AFE815C34F3F002E7F6D /* Release */ = {
			isa = XCBuildConfiguration;
			buildSettings = {
				ALWAYS_SEARCH_USER_PATHS = NO;
				ARCHS = "$(ARCHS_STANDARD_32_BIT)";
				CLANG_CXX_LANGUAGE_STANDARD = "gnu++0x";
				CLANG_ENABLE_OBJC_ARC = YES;
				CLANG_WARN__DUPLICATE_METHOD_MATCH = YES;
				COPY_PHASE_STRIP = YES;
				GCC_C_LANGUAGE_STANDARD = gnu99;
				GCC_VERSION = com.apple.compilers.llvm.clang.1_0;
				GCC_WARN_ABOUT_RETURN_TYPE = YES;
				GCC_WARN_UNINITIALIZED_AUTOS = YES;
				GCC_WARN_UNUSED_VARIABLE = YES;
				IPHONEOS_DEPLOYMENT_TARGET = 5.1;
				SDKROOT = iphoneos;
				VALIDATE_PRODUCT = YES;
			};
			name = Release;
		};
		5EB9AFEA15C34F3F002E7F6D /* Debug */ = {
			isa = XCBuildConfiguration;
			buildSettings = {
				DSTROOT = /tmp/_00px_iOS_api.dst;
				GCC_PRECOMPILE_PREFIX_HEADER = YES;
				GCC_PREFIX_HEADER = "PXAPI/PXAPI-Prefix.pch";
				OTHER_LDFLAGS = "-ObjC";
				PRODUCT_NAME = PXAPI;
				SKIP_INSTALL = YES;
				WARNING_CFLAGS = "-Weverything";
			};
			name = Debug;
		};
		5EB9AFEB15C34F3F002E7F6D /* Release */ = {
			isa = XCBuildConfiguration;
			buildSettings = {
				DSTROOT = /tmp/_00px_iOS_api.dst;
				GCC_PRECOMPILE_PREFIX_HEADER = YES;
				GCC_PREFIX_HEADER = "PXAPI/PXAPI-Prefix.pch";
				OTHER_LDFLAGS = "-ObjC";
				PRODUCT_NAME = PXAPI;
				SKIP_INSTALL = YES;
				WARNING_CFLAGS = "-Weverything";
			};
			name = Release;
		};
		5EB9AFED15C34F3F002E7F6D /* Debug */ = {
			isa = XCBuildConfiguration;
			buildSettings = {
				FRAMEWORK_SEARCH_PATHS = (
					"\"$(SDKROOT)/Developer/Library/Frameworks\"",
					"\"$(DEVELOPER_LIBRARY_DIR)/Frameworks\"",
				);
				GCC_PRECOMPILE_PREFIX_HEADER = YES;
				GCC_PREFIX_HEADER = "PXAPI/PXAPI-Prefix.pch";
				INFOPLIST_FILE = "tests/PXAPITests-Info.plist";
				PRODUCT_NAME = "$(TARGET_NAME)";
				WRAPPER_EXTENSION = octest;
			};
			name = Debug;
		};
		5EB9AFEE15C34F3F002E7F6D /* Release */ = {
			isa = XCBuildConfiguration;
			buildSettings = {
				FRAMEWORK_SEARCH_PATHS = (
					"\"$(SDKROOT)/Developer/Library/Frameworks\"",
					"\"$(DEVELOPER_LIBRARY_DIR)/Frameworks\"",
				);
				GCC_PRECOMPILE_PREFIX_HEADER = YES;
				GCC_PREFIX_HEADER = "PXAPI/PXAPI-Prefix.pch";
				INFOPLIST_FILE = "tests/PXAPITests-Info.plist";
				PRODUCT_NAME = "$(TARGET_NAME)";
				WRAPPER_EXTENSION = octest;
			};
			name = Release;
		};
/* End XCBuildConfiguration section */

/* Begin XCConfigurationList section */
		5EB9AFBE15C34F3F002E7F6D /* Build configuration list for PBXProject "PXAPI" */ = {
			isa = XCConfigurationList;
			buildConfigurations = (
				5EB9AFE715C34F3F002E7F6D /* Debug */,
				5EB9AFE815C34F3F002E7F6D /* Release */,
			);
			defaultConfigurationIsVisible = 0;
			defaultConfigurationName = Release;
		};
		5EB9AFE915C34F3F002E7F6D /* Build configuration list for PBXNativeTarget "PXAPI" */ = {
			isa = XCConfigurationList;
			buildConfigurations = (
				5EB9AFEA15C34F3F002E7F6D /* Debug */,
				5EB9AFEB15C34F3F002E7F6D /* Release */,
			);
			defaultConfigurationIsVisible = 0;
			defaultConfigurationName = Release;
		};
		5EB9AFEC15C34F3F002E7F6D /* Build configuration list for PBXNativeTarget "tests" */ = {
			isa = XCConfigurationList;
			buildConfigurations = (
				5EB9AFED15C34F3F002E7F6D /* Debug */,
				5EB9AFEE15C34F3F002E7F6D /* Release */,
			);
			defaultConfigurationIsVisible = 0;
			defaultConfigurationName = Release;
		};
/* End XCConfigurationList section */
	};
	rootObject = 5EB9AFBB15C34F3F002E7F6D /* Project object */;
}
