// !$*UTF8*$!
{
	archiveVersion = 1;
	classes = {
	};
	objectVersion = 46;
	objects = {

/* Begin PBXBuildFile section */
		5EB9AFC815C34F3F002E7F6D /* Foundation.framework in Frameworks */ = {isa = PBXBuildFile; fileRef = 5EB9AFC715C34F3F002E7F6D /* Foundation.framework */; };
		5EB9AFCD15C34F3F002E7F6D /* _00px_iOS_api.h in CopyFiles */ = {isa = PBXBuildFile; fileRef = 5EB9AFCC15C34F3F002E7F6D /* _00px_iOS_api.h */; };
		5EB9AFCF15C34F3F002E7F6D /* _00px_iOS_api.m in Sources */ = {isa = PBXBuildFile; fileRef = 5EB9AFCE15C34F3F002E7F6D /* _00px_iOS_api.m */; };
		5EB9AFD715C34F3F002E7F6D /* SenTestingKit.framework in Frameworks */ = {isa = PBXBuildFile; fileRef = 5EB9AFD615C34F3F002E7F6D /* SenTestingKit.framework */; };
		5EB9AFD915C34F3F002E7F6D /* UIKit.framework in Frameworks */ = {isa = PBXBuildFile; fileRef = 5EB9AFD815C34F3F002E7F6D /* UIKit.framework */; };
		5EB9AFDA15C34F3F002E7F6D /* Foundation.framework in Frameworks */ = {isa = PBXBuildFile; fileRef = 5EB9AFC715C34F3F002E7F6D /* Foundation.framework */; };
		5EB9AFDD15C34F3F002E7F6D /* lib500px-iOS-api.a in Frameworks */ = {isa = PBXBuildFile; fileRef = 5EB9AFC415C34F3F002E7F6D /* lib500px-iOS-api.a */; };
		5EB9AFE315C34F3F002E7F6D /* InfoPlist.strings in Resources */ = {isa = PBXBuildFile; fileRef = 5EB9AFE115C34F3F002E7F6D /* InfoPlist.strings */; };
		5EB9AFE615C34F3F002E7F6D /* _00px_iOS_apiTests.m in Sources */ = {isa = PBXBuildFile; fileRef = 5EB9AFE515C34F3F002E7F6D /* _00px_iOS_apiTests.m */; };
/* End PBXBuildFile section */

/* Begin PBXContainerItemProxy section */
		5EB9AFDB15C34F3F002E7F6D /* PBXContainerItemProxy */ = {
			isa = PBXContainerItemProxy;
			containerPortal = 5EB9AFBB15C34F3F002E7F6D /* Project object */;
			proxyType = 1;
			remoteGlobalIDString = 5EB9AFC315C34F3F002E7F6D;
			remoteInfo = "500px-iOS-api";
		};
/* End PBXContainerItemProxy section */

/* Begin PBXCopyFilesBuildPhase section */
		5EB9AFC215C34F3F002E7F6D /* CopyFiles */ = {
			isa = PBXCopyFilesBuildPhase;
			buildActionMask = 2147483647;
			dstPath = "include/${PRODUCT_NAME}";
			dstSubfolderSpec = 16;
			files = (
				5EB9AFCD15C34F3F002E7F6D /* _00px_iOS_api.h in CopyFiles */,
			);
			runOnlyForDeploymentPostprocessing = 0;
		};
/* End PBXCopyFilesBuildPhase section */

/* Begin PBXFileReference section */
		5EB9AFC415C34F3F002E7F6D /* lib500px-iOS-api.a */ = {isa = PBXFileReference; explicitFileType = archive.ar; includeInIndex = 0; path = "lib500px-iOS-api.a"; sourceTree = BUILT_PRODUCTS_DIR; };
		5EB9AFC715C34F3F002E7F6D /* Foundation.framework */ = {isa = PBXFileReference; lastKnownFileType = wrapper.framework; name = Foundation.framework; path = System/Library/Frameworks/Foundation.framework; sourceTree = SDKROOT; };
		5EB9AFCB15C34F3F002E7F6D /* 500px-iOS-api-Prefix.pch */ = {isa = PBXFileReference; lastKnownFileType = sourcecode.c.h; path = "500px-iOS-api-Prefix.pch"; sourceTree = "<group>"; };
		5EB9AFCC15C34F3F002E7F6D /* _00px_iOS_api.h */ = {isa = PBXFileReference; lastKnownFileType = sourcecode.c.h; path = _00px_iOS_api.h; sourceTree = "<group>"; };
		5EB9AFCE15C34F3F002E7F6D /* _00px_iOS_api.m */ = {isa = PBXFileReference; lastKnownFileType = sourcecode.c.objc; path = _00px_iOS_api.m; sourceTree = "<group>"; };
		5EB9AFD515C34F3F002E7F6D /* 500px-iOS-apiTests.octest */ = {isa = PBXFileReference; explicitFileType = wrapper.cfbundle; includeInIndex = 0; path = "500px-iOS-apiTests.octest"; sourceTree = BUILT_PRODUCTS_DIR; };
		5EB9AFD615C34F3F002E7F6D /* SenTestingKit.framework */ = {isa = PBXFileReference; lastKnownFileType = wrapper.framework; name = SenTestingKit.framework; path = Library/Frameworks/SenTestingKit.framework; sourceTree = DEVELOPER_DIR; };
		5EB9AFD815C34F3F002E7F6D /* UIKit.framework */ = {isa = PBXFileReference; lastKnownFileType = wrapper.framework; name = UIKit.framework; path = Library/Frameworks/UIKit.framework; sourceTree = DEVELOPER_DIR; };
		5EB9AFE015C34F3F002E7F6D /* 500px-iOS-apiTests-Info.plist */ = {isa = PBXFileReference; lastKnownFileType = text.plist.xml; path = "500px-iOS-apiTests-Info.plist"; sourceTree = "<group>"; };
		5EB9AFE215C34F3F002E7F6D /* en */ = {isa = PBXFileReference; lastKnownFileType = text.plist.strings; name = en; path = en.lproj/InfoPlist.strings; sourceTree = "<group>"; };
		5EB9AFE415C34F3F002E7F6D /* _00px_iOS_apiTests.h */ = {isa = PBXFileReference; lastKnownFileType = sourcecode.c.h; path = _00px_iOS_apiTests.h; sourceTree = "<group>"; };
		5EB9AFE515C34F3F002E7F6D /* _00px_iOS_apiTests.m */ = {isa = PBXFileReference; lastKnownFileType = sourcecode.c.objc; path = _00px_iOS_apiTests.m; sourceTree = "<group>"; };
/* End PBXFileReference section */

/* Begin PBXFrameworksBuildPhase section */
		5EB9AFC115C34F3F002E7F6D /* Frameworks */ = {
			isa = PBXFrameworksBuildPhase;
			buildActionMask = 2147483647;
			files = (
				5EB9AFC815C34F3F002E7F6D /* Foundation.framework in Frameworks */,
			);
			runOnlyForDeploymentPostprocessing = 0;
		};
		5EB9AFD115C34F3F002E7F6D /* Frameworks */ = {
			isa = PBXFrameworksBuildPhase;
			buildActionMask = 2147483647;
			files = (
				5EB9AFD715C34F3F002E7F6D /* SenTestingKit.framework in Frameworks */,
				5EB9AFD915C34F3F002E7F6D /* UIKit.framework in Frameworks */,
				5EB9AFDA15C34F3F002E7F6D /* Foundation.framework in Frameworks */,
				5EB9AFDD15C34F3F002E7F6D /* lib500px-iOS-api.a in Frameworks */,
			);
			runOnlyForDeploymentPostprocessing = 0;
		};
/* End PBXFrameworksBuildPhase section */

/* Begin PBXGroup section */
		5EB9AFB915C34F3F002E7F6D = {
			isa = PBXGroup;
			children = (
				5EB9AFC915C34F3F002E7F6D /* 500px-iOS-api */,
				5EB9AFDE15C34F3F002E7F6D /* 500px-iOS-apiTests */,
				5EB9AFC615C34F3F002E7F6D /* Frameworks */,
				5EB9AFC515C34F3F002E7F6D /* Products */,
			);
			sourceTree = "<group>";
		};
		5EB9AFC515C34F3F002E7F6D /* Products */ = {
			isa = PBXGroup;
			children = (
				5EB9AFC415C34F3F002E7F6D /* lib500px-iOS-api.a */,
				5EB9AFD515C34F3F002E7F6D /* 500px-iOS-apiTests.octest */,
			);
			name = Products;
			sourceTree = "<group>";
		};
		5EB9AFC615C34F3F002E7F6D /* Frameworks */ = {
			isa = PBXGroup;
			children = (
				5EB9AFC715C34F3F002E7F6D /* Foundation.framework */,
				5EB9AFD615C34F3F002E7F6D /* SenTestingKit.framework */,
				5EB9AFD815C34F3F002E7F6D /* UIKit.framework */,
			);
			name = Frameworks;
			sourceTree = "<group>";
		};
		5EB9AFC915C34F3F002E7F6D /* 500px-iOS-api */ = {
			isa = PBXGroup;
			children = (
				5EB9AFCC15C34F3F002E7F6D /* _00px_iOS_api.h */,
				5EB9AFCE15C34F3F002E7F6D /* _00px_iOS_api.m */,
				5EB9AFCA15C34F3F002E7F6D /* Supporting Files */,
			);
			path = "500px-iOS-api";
			sourceTree = "<group>";
		};
		5EB9AFCA15C34F3F002E7F6D /* Supporting Files */ = {
			isa = PBXGroup;
			children = (
				5EB9AFCB15C34F3F002E7F6D /* 500px-iOS-api-Prefix.pch */,
			);
			name = "Supporting Files";
			sourceTree = "<group>";
		};
		5EB9AFDE15C34F3F002E7F6D /* 500px-iOS-apiTests */ = {
			isa = PBXGroup;
			children = (
				5EB9AFE415C34F3F002E7F6D /* _00px_iOS_apiTests.h */,
				5EB9AFE515C34F3F002E7F6D /* _00px_iOS_apiTests.m */,
				5EB9AFDF15C34F3F002E7F6D /* Supporting Files */,
			);
			path = "500px-iOS-apiTests";
			sourceTree = "<group>";
		};
		5EB9AFDF15C34F3F002E7F6D /* Supporting Files */ = {
			isa = PBXGroup;
			children = (
				5EB9AFE015C34F3F002E7F6D /* 500px-iOS-apiTests-Info.plist */,
				5EB9AFE115C34F3F002E7F6D /* InfoPlist.strings */,
			);
			name = "Supporting Files";
			sourceTree = "<group>";
		};
/* End PBXGroup section */

/* Begin PBXNativeTarget section */
		5EB9AFC315C34F3F002E7F6D /* 500px-iOS-api */ = {
			isa = PBXNativeTarget;
			buildConfigurationList = 5EB9AFE915C34F3F002E7F6D /* Build configuration list for PBXNativeTarget "500px-iOS-api" */;
			buildPhases = (
				5EB9AFC015C34F3F002E7F6D /* Sources */,
				5EB9AFC115C34F3F002E7F6D /* Frameworks */,
				5EB9AFC215C34F3F002E7F6D /* CopyFiles */,
			);
			buildRules = (
			);
			dependencies = (
			);
			name = "500px-iOS-api";
			productName = "500px-iOS-api";
			productReference = 5EB9AFC415C34F3F002E7F6D /* lib500px-iOS-api.a */;
			productType = "com.apple.product-type.library.static";
		};
		5EB9AFD415C34F3F002E7F6D /* 500px-iOS-apiTests */ = {
			isa = PBXNativeTarget;
			buildConfigurationList = 5EB9AFEC15C34F3F002E7F6D /* Build configuration list for PBXNativeTarget "500px-iOS-apiTests" */;
			buildPhases = (
				5EB9AFD015C34F3F002E7F6D /* Sources */,
				5EB9AFD115C34F3F002E7F6D /* Frameworks */,
				5EB9AFD215C34F3F002E7F6D /* Resources */,
				5EB9AFD315C34F3F002E7F6D /* ShellScript */,
			);
			buildRules = (
			);
			dependencies = (
				5EB9AFDC15C34F3F002E7F6D /* PBXTargetDependency */,
			);
			name = "500px-iOS-apiTests";
			productName = "500px-iOS-apiTests";
			productReference = 5EB9AFD515C34F3F002E7F6D /* 500px-iOS-apiTests.octest */;
			productType = "com.apple.product-type.bundle";
		};
/* End PBXNativeTarget section */

/* Begin PBXProject section */
		5EB9AFBB15C34F3F002E7F6D /* Project object */ = {
			isa = PBXProject;
			attributes = {
				LastUpgradeCheck = 0440;
				ORGANIZATIONNAME = 500px;
			};
			buildConfigurationList = 5EB9AFBE15C34F3F002E7F6D /* Build configuration list for PBXProject "500px-iOS-api" */;
			compatibilityVersion = "Xcode 3.2";
			developmentRegion = English;
			hasScannedForEncodings = 0;
			knownRegions = (
				en,
			);
			mainGroup = 5EB9AFB915C34F3F002E7F6D;
			productRefGroup = 5EB9AFC515C34F3F002E7F6D /* Products */;
			projectDirPath = "";
			projectRoot = "";
			targets = (
				5EB9AFC315C34F3F002E7F6D /* 500px-iOS-api */,
				5EB9AFD415C34F3F002E7F6D /* 500px-iOS-apiTests */,
			);
		};
/* End PBXProject section */

/* Begin PBXResourcesBuildPhase section */
		5EB9AFD215C34F3F002E7F6D /* Resources */ = {
			isa = PBXResourcesBuildPhase;
			buildActionMask = 2147483647;
			files = (
				5EB9AFE315C34F3F002E7F6D /* InfoPlist.strings in Resources */,
			);
			runOnlyForDeploymentPostprocessing = 0;
		};
/* End PBXResourcesBuildPhase section */

/* Begin PBXShellScriptBuildPhase section */
		5EB9AFD315C34F3F002E7F6D /* ShellScript */ = {
			isa = PBXShellScriptBuildPhase;
			buildActionMask = 2147483647;
			files = (
			);
			inputPaths = (
			);
			outputPaths = (
			);
			runOnlyForDeploymentPostprocessing = 0;
			shellPath = /bin/sh;
			shellScript = "# Run the unit tests in this test bundle.\n\"${SYSTEM_DEVELOPER_DIR}/Tools/RunUnitTests\"\n";
		};
/* End PBXShellScriptBuildPhase section */

/* Begin PBXSourcesBuildPhase section */
		5EB9AFC015C34F3F002E7F6D /* Sources */ = {
			isa = PBXSourcesBuildPhase;
			buildActionMask = 2147483647;
			files = (
				5EB9AFCF15C34F3F002E7F6D /* _00px_iOS_api.m in Sources */,
			);
			runOnlyForDeploymentPostprocessing = 0;
		};
		5EB9AFD015C34F3F002E7F6D /* Sources */ = {
			isa = PBXSourcesBuildPhase;
			buildActionMask = 2147483647;
			files = (
				5EB9AFE615C34F3F002E7F6D /* _00px_iOS_apiTests.m in Sources */,
			);
			runOnlyForDeploymentPostprocessing = 0;
		};
/* End PBXSourcesBuildPhase section */

/* Begin PBXTargetDependency section */
		5EB9AFDC15C34F3F002E7F6D /* PBXTargetDependency */ = {
			isa = PBXTargetDependency;
			target = 5EB9AFC315C34F3F002E7F6D /* 500px-iOS-api */;
			targetProxy = 5EB9AFDB15C34F3F002E7F6D /* PBXContainerItemProxy */;
		};
/* End PBXTargetDependency section */

/* Begin PBXVariantGroup section */
		5EB9AFE115C34F3F002E7F6D /* InfoPlist.strings */ = {
			isa = PBXVariantGroup;
			children = (
				5EB9AFE215C34F3F002E7F6D /* en */,
			);
			name = InfoPlist.strings;
			sourceTree = "<group>";
		};
/* End PBXVariantGroup section */

/* Begin XCBuildConfiguration section */
		5EB9AFE715C34F3F002E7F6D /* Debug */ = {
			isa = XCBuildConfiguration;
			buildSettings = {
				ALWAYS_SEARCH_USER_PATHS = NO;
				ARCHS = "$(ARCHS_STANDARD_32_BIT)";
				CLANG_CXX_LANGUAGE_STANDARD = "gnu++0x";
				CLANG_ENABLE_OBJC_ARC = YES;
				CLANG_WARN__DUPLICATE_METHOD_MATCH = YES;
				COPY_PHASE_STRIP = NO;
				GCC_C_LANGUAGE_STANDARD = gnu99;
				GCC_DYNAMIC_NO_PIC = NO;
				GCC_OPTIMIZATION_LEVEL = 0;
				GCC_PREPROCESSOR_DEFINITIONS = (
					"DEBUG=1",
					"$(inherited)",
				);
				GCC_SYMBOLS_PRIVATE_EXTERN = NO;
				GCC_VERSION = com.apple.compilers.llvm.clang.1_0;
				GCC_WARN_ABOUT_RETURN_TYPE = YES;
				GCC_WARN_UNINITIALIZED_AUTOS = YES;
				GCC_WARN_UNUSED_VARIABLE = YES;
				IPHONEOS_DEPLOYMENT_TARGET = 5.1;
				SDKROOT = iphoneos;
			};
			name = Debug;
		};
		5EB9AFE815C34F3F002E7F6D /* Release */ = {
			isa = XCBuildConfiguration;
			buildSettings = {
				ALWAYS_SEARCH_USER_PATHS = NO;
				ARCHS = "$(ARCHS_STANDARD_32_BIT)";
				CLANG_CXX_LANGUAGE_STANDARD = "gnu++0x";
				CLANG_ENABLE_OBJC_ARC = YES;
				CLANG_WARN__DUPLICATE_METHOD_MATCH = YES;
				COPY_PHASE_STRIP = YES;
				GCC_C_LANGUAGE_STANDARD = gnu99;
				GCC_VERSION = com.apple.compilers.llvm.clang.1_0;
				GCC_WARN_ABOUT_RETURN_TYPE = YES;
				GCC_WARN_UNINITIALIZED_AUTOS = YES;
				GCC_WARN_UNUSED_VARIABLE = YES;
				IPHONEOS_DEPLOYMENT_TARGET = 5.1;
				SDKROOT = iphoneos;
				VALIDATE_PRODUCT = YES;
			};
			name = Release;
		};
		5EB9AFEA15C34F3F002E7F6D /* Debug */ = {
			isa = XCBuildConfiguration;
			buildSettings = {
				DSTROOT = /tmp/_00px_iOS_api.dst;
				GCC_PRECOMPILE_PREFIX_HEADER = YES;
				GCC_PREFIX_HEADER = "500px-iOS-api/500px-iOS-api-Prefix.pch";
				OTHER_LDFLAGS = "-ObjC";
				PRODUCT_NAME = "$(TARGET_NAME)";
				SKIP_INSTALL = YES;
			};
			name = Debug;
		};
		5EB9AFEB15C34F3F002E7F6D /* Release */ = {
			isa = XCBuildConfiguration;
			buildSettings = {
				DSTROOT = /tmp/_00px_iOS_api.dst;
				GCC_PRECOMPILE_PREFIX_HEADER = YES;
				GCC_PREFIX_HEADER = "500px-iOS-api/500px-iOS-api-Prefix.pch";
				OTHER_LDFLAGS = "-ObjC";
				PRODUCT_NAME = "$(TARGET_NAME)";
				SKIP_INSTALL = YES;
			};
			name = Release;
		};
		5EB9AFED15C34F3F002E7F6D /* Debug */ = {
			isa = XCBuildConfiguration;
			buildSettings = {
				FRAMEWORK_SEARCH_PATHS = (
					"\"$(SDKROOT)/Developer/Library/Frameworks\"",
					"\"$(DEVELOPER_LIBRARY_DIR)/Frameworks\"",
				);
				GCC_PRECOMPILE_PREFIX_HEADER = YES;
				GCC_PREFIX_HEADER = "500px-iOS-api/500px-iOS-api-Prefix.pch";
				INFOPLIST_FILE = "500px-iOS-apiTests/500px-iOS-apiTests-Info.plist";
				PRODUCT_NAME = "$(TARGET_NAME)";
				WRAPPER_EXTENSION = octest;
			};
			name = Debug;
		};
		5EB9AFEE15C34F3F002E7F6D /* Release */ = {
			isa = XCBuildConfiguration;
			buildSettings = {
				FRAMEWORK_SEARCH_PATHS = (
					"\"$(SDKROOT)/Developer/Library/Frameworks\"",
					"\"$(DEVELOPER_LIBRARY_DIR)/Frameworks\"",
				);
				GCC_PRECOMPILE_PREFIX_HEADER = YES;
				GCC_PREFIX_HEADER = "500px-iOS-api/500px-iOS-api-Prefix.pch";
				INFOPLIST_FILE = "500px-iOS-apiTests/500px-iOS-apiTests-Info.plist";
				PRODUCT_NAME = "$(TARGET_NAME)";
				WRAPPER_EXTENSION = octest;
			};
			name = Release;
		};
/* End XCBuildConfiguration section */

/* Begin XCConfigurationList section */
		5EB9AFBE15C34F3F002E7F6D /* Build configuration list for PBXProject "500px-iOS-api" */ = {
			isa = XCConfigurationList;
			buildConfigurations = (
				5EB9AFE715C34F3F002E7F6D /* Debug */,
				5EB9AFE815C34F3F002E7F6D /* Release */,
			);
			defaultConfigurationIsVisible = 0;
			defaultConfigurationName = Release;
		};
		5EB9AFE915C34F3F002E7F6D /* Build configuration list for PBXNativeTarget "500px-iOS-api" */ = {
			isa = XCConfigurationList;
			buildConfigurations = (
				5EB9AFEA15C34F3F002E7F6D /* Debug */,
				5EB9AFEB15C34F3F002E7F6D /* Release */,
			);
			defaultConfigurationIsVisible = 0;
		};
		5EB9AFEC15C34F3F002E7F6D /* Build configuration list for PBXNativeTarget "500px-iOS-apiTests" */ = {
			isa = XCConfigurationList;
			buildConfigurations = (
				5EB9AFED15C34F3F002E7F6D /* Debug */,
				5EB9AFEE15C34F3F002E7F6D /* Release */,
			);
			defaultConfigurationIsVisible = 0;
		};
/* End XCConfigurationList section */
	};
	rootObject = 5EB9AFBB15C34F3F002E7F6D /* Project object */;
}
